
Microsoft Visual Studio Solution File, Format Version 11.00
# Visual Studio 2010
Project("{FAE04EC0-301F-11D3-BF4B-00C04F79EFBC}") = "Assembly-CSharp", "Assembly-CSharp.csproj", "{6A52C025-B4B6-00E8-FC82-0D3A4B5E2226}"
EndProject
Global
	GlobalSection(SolutionConfigurationPlatforms) = preSolution
		Debug|Any CPU = Debug|Any CPU
		Release|Any CPU = Release|Any CPU
	EndGlobalSection
	GlobalSection(ProjectConfigurationPlatforms) = postSolution
		{6A52C025-B4B6-00E8-FC82-0D3A4B5E2226}.Debug|Any CPU.ActiveCfg = Debug|Any CPU
		{6A52C025-B4B6-00E8-FC82-0D3A4B5E2226}.Debug|Any CPU.Build.0 = Debug|Any CPU
		{6A52C025-B4B6-00E8-FC82-0D3A4B5E2226}.Release|Any CPU.ActiveCfg = Release|Any CPU
		{6A52C025-B4B6-00E8-FC82-0D3A4B5E2226}.Release|Any CPU.Build.0 = Release|Any CPU
	EndGlobalSection
	GlobalSection(SolutionProperties) = preSolution
		HideSolutionNode = FALSE
	EndGlobalSection
EndGlobal
